
Microsoft Visual Studio Solution File, Format Version 12.00
# Visual Studio 2012
Project("{FAE04EC0-301F-11D3-BF4B-00C04F79EFBC}") = "XpManLiftKata", "XpManLiftKata.csproj", "{50B23F14-E043-49C6-B755-7CEF18227582}"
EndProject
Project("{2150E333-8FDC-42A3-9474-1A3956D46DE8}") = ".nuget", ".nuget", "{9207E8B5-3A3F-4D1E-9CBD-E95FF0EDFDB0}"
	ProjectSection(SolutionItems) = preProject
		.nuget\NuGet.Config = .nuget\NuGet.Config
		.nuget\NuGet.exe = .nuget\NuGet.exe
		.nuget\NuGet.targets = .nuget\NuGet.targets
		.nuget\packages.config = .nuget\packages.config
	EndProjectSection
EndProject
Global
	GlobalSection(SolutionConfigurationPlatforms) = preSolution
		Debug|Any CPU = Debug|Any CPU
		Release|Any CPU = Release|Any CPU
	EndGlobalSection
	GlobalSection(ProjectConfigurationPlatforms) = postSolution
		{50B23F14-E043-49C6-B755-7CEF18227582}.Debug|Any CPU.ActiveCfg = Debug|Any CPU
		{50B23F14-E043-49C6-B755-7CEF18227582}.Debug|Any CPU.Build.0 = Debug|Any CPU
		{50B23F14-E043-49C6-B755-7CEF18227582}.Release|Any CPU.ActiveCfg = Release|Any CPU
		{50B23F14-E043-49C6-B755-7CEF18227582}.Release|Any CPU.Build.0 = Release|Any CPU
	EndGlobalSection
	GlobalSection(SolutionProperties) = preSolution
		HideSolutionNode = FALSE
	EndGlobalSection
EndGlobal
